
Microsoft Visual Studio Solution File, Format Version 12.00
# Visual Studio Version 16
VisualStudioVersion = 16.0.31424.327
MinimumVisualStudioVersion = 10.0.40219.1
Project("{FAE04EC0-301F-11D3-BF4B-00C04F79EFBC}") = "EcommerceSystemWCFService", "EcommerceSystemWCFService\EcommerceSystemWCFService.csproj", "{3C45F634-59F2-4B53-849B-DC65CE9B2DE8}"
EndProject
Project("{FAE04EC0-301F-11D3-BF4B-00C04F79EFBC}") = "EcommerceWCFServiceHost", "EcommerceWCFServiceHost\EcommerceWCFServiceHost.csproj", "{9182EC4A-5166-4863-9AE3-7BC695ED34B6}"
EndProject
Project("{FAE04EC0-301F-11D3-BF4B-00C04F79EFBC}") = "EcommerceWCFServiceClient", "EcommerceWCFServiceClient\EcommerceWCFServiceClient.csproj", "{98F8408B-43C9-47D8-B19E-ECC95119AA7E}"
EndProject
Global
	GlobalSection(SolutionConfigurationPlatforms) = preSolution
		Debug|Any CPU = Debug|Any CPU
		Release|Any CPU = Release|Any CPU
	EndGlobalSection
	GlobalSection(ProjectConfigurationPlatforms) = postSolution
		{3C45F634-59F2-4B53-849B-DC65CE9B2DE8}.Debug|Any CPU.ActiveCfg = Debug|Any CPU
		{3C45F634-59F2-4B53-849B-DC65CE9B2DE8}.Debug|Any CPU.Build.0 = Debug|Any CPU
		{3C45F634-59F2-4B53-849B-DC65CE9B2DE8}.Release|Any CPU.ActiveCfg = Release|Any CPU
		{3C45F634-59F2-4B53-849B-DC65CE9B2DE8}.Release|Any CPU.Build.0 = Release|Any CPU
		{9182EC4A-5166-4863-9AE3-7BC695ED34B6}.Debug|Any CPU.ActiveCfg = Debug|Any CPU
		{9182EC4A-5166-4863-9AE3-7BC695ED34B6}.Debug|Any CPU.Build.0 = Debug|Any CPU
		{9182EC4A-5166-4863-9AE3-7BC695ED34B6}.Release|Any CPU.ActiveCfg = Release|Any CPU
		{9182EC4A-5166-4863-9AE3-7BC695ED34B6}.Release|Any CPU.Build.0 = Release|Any CPU
		{98F8408B-43C9-47D8-B19E-ECC95119AA7E}.Debug|Any CPU.ActiveCfg = Debug|Any CPU
		{98F8408B-43C9-47D8-B19E-ECC95119AA7E}.Debug|Any CPU.Build.0 = Debug|Any CPU
		{98F8408B-43C9-47D8-B19E-ECC95119AA7E}.Release|Any CPU.ActiveCfg = Release|Any CPU
		{98F8408B-43C9-47D8-B19E-ECC95119AA7E}.Release|Any CPU.Build.0 = Release|Any CPU
	EndGlobalSection
	GlobalSection(SolutionProperties) = preSolution
		HideSolutionNode = FALSE
	EndGlobalSection
	GlobalSection(ExtensibilityGlobals) = postSolution
		SolutionGuid = {4CBF9318-46A1-44C0-9423-594F20010853}
	EndGlobalSection
EndGlobal
